{
  "name": "reactron",
  "version": "1.0.8",
  "lockfileVersion": 1,
  "requires": true,
  "dependencies": {
    "@sentry/browser": {
      "version": "4.0.0-rc.1",
      "resolved": "https://registry.npmjs.org/@sentry/browser/-/browser-4.0.0-rc.1.tgz",
      "integrity": "sha512-25OFHqY/qKA4W5xetljv0QL+HJM0OzbFOLjrnZ//+ugNQ0QKIM0oCq8gP18p3rwhQ/JbnTA6jSmyI7uHpLQ2Tg==",
      "requires": {
        "@sentry/core": "4.0.0-rc.1",
        "@sentry/hub": "4.0.0-rc.1",
        "@sentry/minimal": "4.0.0-rc.1",
        "@sentry/types": "4.0.0-rc.1",
        "@sentry/utils": "4.0.0-rc.1",
        "md5": "2.2.1"
      }
    },
    "@sentry/core": {
      "version": "4.0.0-rc.1",
      "resolved": "https://registry.npmjs.org/@sentry/core/-/core-4.0.0-rc.1.tgz",
      "integrity": "sha512-ffaVGh41YwAKK8d2h6vYmVspDmAPfoo45rZzF9ygH5dxHu51eaFhSuQGNtYwD9at2l9kP8jd+4bsdPqPC6QTzQ==",
      "requires": {
        "@sentry/hub": "4.0.0-rc.1",
        "@sentry/minimal": "4.0.0-rc.1",
        "@sentry/types": "4.0.0-rc.1",
        "@sentry/utils": "4.0.0-rc.1"
      }
    },
    "@sentry/electron": {
      "version": "0.9.0",
      "resolved": "https://registry.npmjs.org/@sentry/electron/-/electron-0.9.0.tgz",
      "integrity": "sha512-VeLXLMLp5JUj/TyF0t1U73qJt2nPbwa+XO8Sb9eNz/R+IoALyGugG2BtYMHGwvHitOvodNlzBNH/fFsrEkdLEg==",
      "requires": {
        "@sentry/browser": "4.0.0-rc.1",
        "@sentry/core": "4.0.0-rc.1",
        "@sentry/hub": "4.0.0-rc.1",
        "@sentry/minimal": "4.0.0-rc.1",
        "@sentry/node": "4.0.0-rc.1",
        "@sentry/types": "4.0.0-rc.1",
        "@sentry/utils": "4.0.0-rc.1",
        "electron-fetch": "1.1.0",
        "form-data": "2.3.2",
        "util.promisify": "1.0.0"
      }
    },
    "@sentry/hub": {
      "version": "4.0.0-rc.1",
      "resolved": "https://registry.npmjs.org/@sentry/hub/-/hub-4.0.0-rc.1.tgz",
      "integrity": "sha512-MxFiOTxkOBvEwviXAjEnJABicQJ14+FOxkcXCfOfDYdi3AhgDCW5qcRgmZLCUbqOQLKZ4LnOYnvbUld871+NGw==",
      "requires": {
        "@sentry/types": "4.0.0-rc.1",
        "@sentry/utils": "4.0.0-rc.1"
      }
    },
    "@sentry/minimal": {
      "version": "4.0.0-rc.1",
      "resolved": "https://registry.npmjs.org/@sentry/minimal/-/minimal-4.0.0-rc.1.tgz",
      "integrity": "sha512-GxJdeRCgrrA/bWv1vBvQFUkIcY53xDRTxtHpoP5Mvid7AAW8sJaSZmllyFLn8m1izyIHrmVrHCIG5efo7d3mlA==",
      "requires": {
        "@sentry/hub": "4.0.0-rc.1",
        "@sentry/types": "4.0.0-rc.1"
      }
    },
    "@sentry/node": {
      "version": "4.0.0-rc.1",
      "resolved": "https://registry.npmjs.org/@sentry/node/-/node-4.0.0-rc.1.tgz",
      "integrity": "sha512-syf8A6APBx2UDSRCmUIUOsWhNc0lGt+M6TJLh6iSvZtsuFQxEVusUH3SrbX9O3m1HQ6XSdUXUZ88hMM0/v/lGg==",
      "requires": {
        "@sentry/core": "4.0.0-rc.1",
        "@sentry/hub": "4.0.0-rc.1",
        "@sentry/minimal": "4.0.0-rc.1",
        "@sentry/types": "4.0.0-rc.1",
        "@sentry/utils": "4.0.0-rc.1",
        "cookie": "0.3.1",
        "lsmod": "1.0.0",
        "md5": "2.2.1",
        "stack-trace": "0.0.10"
      }
    },
    "@sentry/types": {
      "version": "4.0.0-rc.1",
      "resolved": "https://registry.npmjs.org/@sentry/types/-/types-4.0.0-rc.1.tgz",
      "integrity": "sha512-WCIahta73omB4pYgzAZPCJ/IxyUhn10B8YOm0fKFOWDP1HmQlhpnF9RX/fjkq0LR7vQfOkVUU9dr61AEG+jrqw=="
    },
    "@sentry/utils": {
      "version": "4.0.0-rc.1",
      "resolved": "https://registry.npmjs.org/@sentry/utils/-/utils-4.0.0-rc.1.tgz",
      "integrity": "sha512-gRtEDh2Pz4UimeJzA1Wiv9bb2OrHouyZoCaFR6pe4I1VudchOTI6PXtAfyt7Yx8CWff7xfJUOiU3BZnT2QQ7Nw==",
      "requires": {
        "@sentry/types": "4.0.0-rc.1"
      }
    },
    "applescript": {
      "version": "1.0.0",
      "resolved": "https://registry.npmjs.org/applescript/-/applescript-1.0.0.tgz",
      "integrity": "sha1-u4evVoytA0pOSMS9r2Bno6JwExc="
    },
    "argparse": {
      "version": "1.0.10",
      "resolved": "https://registry.npmjs.org/argparse/-/argparse-1.0.10.tgz",
      "integrity": "sha512-o5Roy6tNG4SL/FOkCAN6RzjiakZS25RLYFrcMttJqbdd8BWrnA+fGz57iN5Pb06pvBGvl5gQ0B48dJlslXvoTg==",
      "requires": {
        "sprintf-js": "1.0.3"
      }
    },
    "asynckit": {
      "version": "0.4.0",
      "resolved": "https://registry.npmjs.org/asynckit/-/asynckit-0.4.0.tgz",
      "integrity": "sha1-x57Zf380y48robyXkLzDZkdLS3k="
    },
    "auto-launch": {
      "version": "5.0.5",
      "resolved": "https://registry.npmjs.org/auto-launch/-/auto-launch-5.0.5.tgz",
      "integrity": "sha512-ppdF4mihhYzMYLuCcx9H/c5TUOCev8uM7en53zWVQhyYAJrurd2bFZx3qQVeJKF2jrc7rsPRNN5cD+i23l6PdA==",
      "requires": {
        "applescript": "1.0.0",
        "mkdirp": "0.5.1",
        "path-is-absolute": "1.0.1",
        "untildify": "3.0.3",
        "winreg": "1.2.4"
      }
    },
    "bluebird": {
      "version": "3.5.2",
      "resolved": "https://registry.npmjs.org/bluebird/-/bluebird-3.5.2.tgz",
      "integrity": "sha512-dhHTWMI7kMx5whMQntl7Vr9C6BvV10lFXDAasnqnrMYhXVCzzk6IO9Fo2L75jXHT07WrOngL1WDXOp+yYS91Yg=="
    },
    "bluebird-lst": {
      "version": "1.0.5",
      "resolved": "https://registry.npmjs.org/bluebird-lst/-/bluebird-lst-1.0.5.tgz",
      "integrity": "sha512-Ey0bDNys5qpYPhZ/oQ9vOEvD0TYQDTILMXWP2iGfvMg7rSDde+oV4aQQgqRH+CvBFNz2BSDQnPGMUl6LKBUUQA==",
      "requires": {
        "bluebird": "3.5.2"
      }
    },
    "buffer-from": {
      "version": "1.1.1",
      "resolved": "https://registry.npmjs.org/buffer-from/-/buffer-from-1.1.1.tgz",
      "integrity": "sha512-MQcXEUbCKtEo7bhqEs6560Hyd4XaovZlO/k9V3hjVUF/zwW7KBVdSK4gIt/bzwS9MbR5qob+F5jusZsb0YQK2A=="
    },
    "builder-util-runtime": {
      "version": "4.4.1",
      "resolved": "https://registry.npmjs.org/builder-util-runtime/-/builder-util-runtime-4.4.1.tgz",
      "integrity": "sha512-8L2pbL6D3VdI1f8OMknlZJpw0c7KK15BRz3cY77AOUElc4XlCv2UhVV01jJM7+6Lx7henaQh80ALULp64eFYAQ==",
      "requires": {
        "bluebird-lst": "1.0.5",
        "debug": "3.2.4",
        "fs-extra-p": "4.6.1",
        "sax": "1.2.4"
      }
    },
    "charenc": {
      "version": "0.0.2",
      "resolved": "https://registry.npmjs.org/charenc/-/charenc-0.0.2.tgz",
      "integrity": "sha1-wKHS86cJLgN3S/qD8UwPxXkKhmc="
    },
    "clone": {
      "version": "2.1.2",
      "resolved": "https://registry.npmjs.org/clone/-/clone-2.1.2.tgz",
      "integrity": "sha1-G39Ln1kfHo+DZwQBYANFoCiHQ18="
    },
    "combined-stream": {
      "version": "1.0.6",
      "resolved": "https://registry.npmjs.org/combined-stream/-/combined-stream-1.0.6.tgz",
      "integrity": "sha1-cj599ugBrFYTETp+RFqbactjKBg=",
      "requires": {
        "delayed-stream": "1.0.0"
      }
    },
    "cookie": {
      "version": "0.3.1",
      "resolved": "https://registry.npmjs.org/cookie/-/cookie-0.3.1.tgz",
      "integrity": "sha1-5+Ch+e9DtMi6klxcWpboBtFoc7s="
    },
    "crypt": {
      "version": "0.0.2",
      "resolved": "https://registry.npmjs.org/crypt/-/crypt-0.0.2.tgz",
      "integrity": "sha1-iNf/fsDfuG9xPch7u0LQRNPmxBs="
    },
    "debug": {
      "version": "3.2.4",
      "resolved": "https://registry.npmjs.org/debug/-/debug-3.2.4.tgz",
      "integrity": "sha512-fCEG5fOr7m/fhgOD3KurdAov706JbXZJYXAsAOEJ7GgasGr0GO4N+1NsIcrjlIUcyvJ9oZlnelTzN3Ix8z1ecw==",
      "requires": {
        "ms": "2.1.1"
      }
    },
    "deep-equal": {
      "version": "1.0.1",
      "resolved": "https://registry.npmjs.org/deep-equal/-/deep-equal-1.0.1.tgz",
      "integrity": "sha1-9dJgKStmDghO/0zbyfCK0yR0SLU="
    },
    "define-properties": {
      "version": "1.1.3",
      "resolved": "https://registry.npmjs.org/define-properties/-/define-properties-1.1.3.tgz",
      "integrity": "sha512-3MqfYKj2lLzdMSf8ZIZE/V+Zuy+BgD6f164e8K2w7dgnpKArBDerGYpM46IYYcjnkdPNMjPk9A6VFB8+3SKlXQ==",
      "requires": {
        "object-keys": "1.0.12"
      }
    },
    "delayed-stream": {
      "version": "1.0.0",
      "resolved": "https://registry.npmjs.org/delayed-stream/-/delayed-stream-1.0.0.tgz",
      "integrity": "sha1-3zrhmayt+31ECqrgsp4icrJOxhk="
    },
    "electron-fetch": {
      "version": "1.1.0",
      "resolved": "https://registry.npmjs.org/electron-fetch/-/electron-fetch-1.1.0.tgz",
      "integrity": "sha512-eBtqbB522c/RJwC5v1yF/Y0SMVLiwel98BWGx050GucWbKlejHtPkfpq/vfMxCjg0SGpHGUISYUaMfu65QH+xg==",
      "requires": {
        "encoding": "0.1.12"
      }
    },
    "electron-is-dev": {
      "version": "0.3.0",
      "resolved": "https://registry.npmjs.org/electron-is-dev/-/electron-is-dev-0.3.0.tgz",
      "integrity": "sha1-FOb9pcaOnk7L7/nM8DfL18BcWv4="
    },
    "electron-log": {
      "version": "2.2.17",
      "resolved": "https://registry.npmjs.org/electron-log/-/electron-log-2.2.17.tgz",
      "integrity": "sha512-v+Af5W5z99ehhaLOfE9eTSXUwjzh2wFlQjz51dvkZ6ZIrET6OB/zAZPvsuwT6tm3t5x+M1r+Ed3U3xtPZYAyuQ=="
    },
    "electron-settings": {
      "version": "3.2.0",
      "resolved": "https://registry.npmjs.org/electron-settings/-/electron-settings-3.2.0.tgz",
      "integrity": "sha512-7U+vDKd5Gch4Z9K6FjGq80eB3Anwz2GuPc2h/6hOiuvZrS1w+UNPcAA0oAU8G1s9sWAVEadCsr4ZJR6J4iTdzA==",
      "requires": {
        "clone": "2.1.2",
        "jsonfile": "4.0.0"
      }
    },
    "electron-updater": {
      "version": "3.1.2",
      "resolved": "https://registry.npmjs.org/electron-updater/-/electron-updater-3.1.2.tgz",
      "integrity": "sha512-y3n37O01pdynMJHhJbOd2UVhVrmDW6zLvR2SOZ+gk3S6r16872+0nNbC48GXWwc26lTeus/Zja/XUpiqrvdw4A==",
      "requires": {
        "bluebird-lst": "1.0.5",
        "builder-util-runtime": "4.4.1",
        "electron-is-dev": "0.3.0",
        "fs-extra-p": "4.6.1",
        "js-yaml": "3.12.0",
        "lazy-val": "1.0.3",
        "lodash.isequal": "4.5.0",
        "semver": "5.5.1",
        "source-map-support": "0.5.9"
      }
    },
    "electron-window-state": {
      "version": "5.0.1",
      "resolved": "https://registry.npmjs.org/electron-window-state/-/electron-window-state-5.0.1.tgz",
      "integrity": "sha512-9NE2mB8ZM9IZpVexdBVNbJLXkBByTZYArHMuwtA04U5R3ajl6IE82v3UkmSuf0hWczP0+is/4vLIqNkJwdvCrQ==",
      "requires": {
        "deep-equal": "1.0.1",
        "jsonfile": "4.0.0",
        "mkdirp": "0.5.1"
      }
    },
    "encoding": {
      "version": "0.1.12",
      "resolved": "https://registry.npmjs.org/encoding/-/encoding-0.1.12.tgz",
      "integrity": "sha1-U4tm8+5izRq1HsMjgp0flIDHS+s=",
      "requires": {
        "iconv-lite": "0.4.24"
      }
    },
    "es-abstract": {
      "version": "1.12.0",
      "resolved": "https://registry.npmjs.org/es-abstract/-/es-abstract-1.12.0.tgz",
      "integrity": "sha512-C8Fx/0jFmV5IPoMOFPA9P9G5NtqW+4cOPit3MIuvR2t7Ag2K15EJTpxnHAYTzL+aYQJIESYeXZmDBfOBE1HcpA==",
      "requires": {
        "es-to-primitive": "1.1.1",
        "function-bind": "1.1.1",
        "has": "1.0.3",
        "is-callable": "1.1.4",
        "is-regex": "1.0.4"
      }
    },
    "es-to-primitive": {
      "version": "1.1.1",
      "resolved": "https://registry.npmjs.org/es-to-primitive/-/es-to-primitive-1.1.1.tgz",
      "integrity": "sha1-RTVSSKiJeQNLZ5Lhm7gfK3l13Q0=",
      "requires": {
        "is-callable": "1.1.4",
        "is-date-object": "1.0.1",
        "is-symbol": "1.0.1"
      }
    },
    "esprima": {
      "version": "4.0.1",
      "resolved": "https://registry.npmjs.org/esprima/-/esprima-4.0.1.tgz",
      "integrity": "sha512-eGuFFw7Upda+g4p+QHvnW0RyTX/SVeJBDM/gCtMARO0cLuT2HcEKnTPvhjV6aGeqrCB/sbNop0Kszm0jsaWU4A=="
    },
    "form-data": {
      "version": "2.3.2",
      "resolved": "https://registry.npmjs.org/form-data/-/form-data-2.3.2.tgz",
      "integrity": "sha1-SXBJi+YEwgwAXU9cI67NIda0kJk=",
      "requires": {
        "asynckit": "0.4.0",
        "combined-stream": "1.0.6",
        "mime-types": "2.1.20"
      }
    },
    "fs-extra": {
      "version": "6.0.1",
      "resolved": "https://registry.npmjs.org/fs-extra/-/fs-extra-6.0.1.tgz",
      "integrity": "sha512-GnyIkKhhzXZUWFCaJzvyDLEEgDkPfb4/TPvJCJVuS8MWZgoSsErf++QpiAlDnKFcqhRlm+tIOcencCjyJE6ZCA==",
      "requires": {
        "graceful-fs": "4.1.11",
        "jsonfile": "4.0.0",
        "universalify": "0.1.2"
      }
    },
    "fs-extra-p": {
      "version": "4.6.1",
      "resolved": "https://registry.npmjs.org/fs-extra-p/-/fs-extra-p-4.6.1.tgz",
      "integrity": "sha512-IsTMbUS0svZKZTvqF4vDS9c/L7Mw9n8nZQWWeSzAGacOSe+8CzowhUN0tdZEZFIJNP5HC7L9j3MMikz/G4hDeQ==",
      "requires": {
        "bluebird-lst": "1.0.5",
        "fs-extra": "6.0.1"
      }
    },
    "function-bind": {
      "version": "1.1.1",
      "resolved": "https://registry.npmjs.org/function-bind/-/function-bind-1.1.1.tgz",
      "integrity": "sha512-yIovAzMX49sF8Yl58fSCWJ5svSLuaibPxXQJFLmBObTuCr0Mf1KiPopGM9NiFjiYBCbfaa2Fh6breQ6ANVTI0A=="
    },
    "graceful-fs": {
      "version": "4.1.11",
      "resolved": "https://registry.npmjs.org/graceful-fs/-/graceful-fs-4.1.11.tgz",
      "integrity": "sha1-Dovf5NHduIVNZOBOp8AOKgJuVlg="
    },
    "has": {
      "version": "1.0.3",
      "resolved": "https://registry.npmjs.org/has/-/has-1.0.3.tgz",
      "integrity": "sha512-f2dvO0VU6Oej7RkWJGrehjbzMAjFp5/VKPp5tTpWIV4JHHZK1/BxbFRtf/siA2SWTe09caDmVtYYzWEIbBS4zw==",
      "requires": {
        "function-bind": "1.1.1"
      }
    },
    "iconv-lite": {
      "version": "0.4.24",
      "resolved": "https://registry.npmjs.org/iconv-lite/-/iconv-lite-0.4.24.tgz",
      "integrity": "sha512-v3MXnZAcvnywkTUEZomIActle7RXXeedOR31wwl7VlyoXO4Qi9arvSenNQWne1TcRwhCL1HwLI21bEqdpj8/rA==",
      "requires": {
        "safer-buffer": "2.1.2"
      }
    },
    "is-buffer": {
      "version": "1.1.6",
      "resolved": "https://registry.npmjs.org/is-buffer/-/is-buffer-1.1.6.tgz",
      "integrity": "sha512-NcdALwpXkTm5Zvvbk7owOUSvVvBKDgKP5/ewfXEznmQFfs4ZRmanOeKBTjRVjka3QFoN6XJ+9F3USqfHqTaU5w=="
    },
    "is-callable": {
      "version": "1.1.4",
      "resolved": "https://registry.npmjs.org/is-callable/-/is-callable-1.1.4.tgz",
      "integrity": "sha512-r5p9sxJjYnArLjObpjA4xu5EKI3CuKHkJXMhT7kwbpUyIFD1n5PMAsoPvWnvtZiNz7LjkYDRZhd7FlI0eMijEA=="
    },
    "is-date-object": {
      "version": "1.0.1",
      "resolved": "https://registry.npmjs.org/is-date-object/-/is-date-object-1.0.1.tgz",
      "integrity": "sha1-mqIOtq7rv/d/vTPnTKAbM1gdOhY="
    },
    "is-regex": {
      "version": "1.0.4",
      "resolved": "https://registry.npmjs.org/is-regex/-/is-regex-1.0.4.tgz",
      "integrity": "sha1-VRdIm1RwkbCTDglWVM7SXul+lJE=",
      "requires": {
        "has": "1.0.3"
      }
    },
    "is-symbol": {
      "version": "1.0.1",
      "resolved": "https://registry.npmjs.org/is-symbol/-/is-symbol-1.0.1.tgz",
      "integrity": "sha1-PMWfAAJRlLarLjjbrmaJJWtmBXI="
    },
    "js-yaml": {
      "version": "3.12.0",
      "resolved": "https://registry.npmjs.org/js-yaml/-/js-yaml-3.12.0.tgz",
      "integrity": "sha512-PIt2cnwmPfL4hKNwqeiuz4bKfnzHTBv6HyVgjahA6mPLwPDzjDWrplJBMjHUFxku/N3FlmrbyPclad+I+4mJ3A==",
      "requires": {
        "argparse": "1.0.10",
        "esprima": "4.0.1"
      }
    },
    "jsonfile": {
      "version": "4.0.0",
      "resolved": "https://registry.npmjs.org/jsonfile/-/jsonfile-4.0.0.tgz",
      "integrity": "sha1-h3Gq4HmbZAdrdmQPygWPnBDjPss=",
      "requires": {
        "graceful-fs": "4.1.11"
      }
    },
    "lazy-val": {
      "version": "1.0.3",
      "resolved": "https://registry.npmjs.org/lazy-val/-/lazy-val-1.0.3.tgz",
      "integrity": "sha512-pjCf3BYk+uv3ZcPzEVM0BFvO9Uw58TmlrU0oG5tTrr9Kcid3+kdKxapH8CjdYmVa2nO5wOoZn2rdvZx2PKj/xg=="
    },
    "lodash.isequal": {
      "version": "4.5.0",
      "resolved": "https://registry.npmjs.org/lodash.isequal/-/lodash.isequal-4.5.0.tgz",
      "integrity": "sha1-QVxEePK8wwEgwizhDtMib30+GOA="
    },
    "lsmod": {
      "version": "1.0.0",
      "resolved": "https://registry.npmjs.org/lsmod/-/lsmod-1.0.0.tgz",
      "integrity": "sha1-mgD3bco26yP6BTUK/htYXUKZ5ks="
    },
    "md5": {
      "version": "2.2.1",
      "resolved": "https://registry.npmjs.org/md5/-/md5-2.2.1.tgz",
      "integrity": "sha1-U6s41f48iJG6RlMp6iP6wFQBJvk=",
      "requires": {
        "charenc": "0.0.2",
        "crypt": "0.0.2",
        "is-buffer": "1.1.6"
      }
    },
    "mime-db": {
      "version": "1.36.0",
      "resolved": "https://registry.npmjs.org/mime-db/-/mime-db-1.36.0.tgz",
      "integrity": "sha512-L+xvyD9MkoYMXb1jAmzI/lWYAxAMCPvIBSWur0PZ5nOf5euahRLVqH//FKW9mWp2lkqUgYiXPgkzfMUFi4zVDw=="
    },
    "mime-types": {
      "version": "2.1.20",
      "resolved": "https://registry.npmjs.org/mime-types/-/mime-types-2.1.20.tgz",
      "integrity": "sha512-HrkrPaP9vGuWbLK1B1FfgAkbqNjIuy4eHlIYnFi7kamZyLLrGlo2mpcx0bBmNpKqBtYtAfGbodDddIgddSJC2A==",
      "requires": {
        "mime-db": "1.36.0"
      }
    },
    "minimist": {
      "version": "0.0.8",
      "resolved": "http://registry.npmjs.org/minimist/-/minimist-0.0.8.tgz",
      "integrity": "sha1-hX/Kv8M5fSYluCKCYuhqp6ARsF0="
    },
    "mkdirp": {
      "version": "0.5.1",
      "resolved": "http://registry.npmjs.org/mkdirp/-/mkdirp-0.5.1.tgz",
      "integrity": "sha1-MAV0OOrGz3+MR2fzhkjWaX11yQM=",
      "requires": {
        "minimist": "0.0.8"
      }
    },
    "ms": {
      "version": "2.1.1",
      "resolved": "https://registry.npmjs.org/ms/-/ms-2.1.1.tgz",
      "integrity": "sha512-tgp+dl5cGk28utYktBsrFqA7HKgrhgPsg6Z/EfhWI4gl1Hwq8B/GmY/0oXZ6nF8hDVesS/FpnYaD/kOWhYQvyg=="
    },
    "object-keys": {
      "version": "1.0.12",
      "resolved": "https://registry.npmjs.org/object-keys/-/object-keys-1.0.12.tgz",
      "integrity": "sha512-FTMyFUm2wBcGHnH2eXmz7tC6IwlqQZ6mVZ+6dm6vZ4IQIHjs6FdNsQBuKGPuUUUY6NfJw2PshC08Tn6LzLDOag=="
    },
    "object.getownpropertydescriptors": {
      "version": "2.0.3",
      "resolved": "https://registry.npmjs.org/object.getownpropertydescriptors/-/object.getownpropertydescriptors-2.0.3.tgz",
      "integrity": "sha1-h1jIRvW0B62rDyNuCYbxSwUcqhY=",
      "requires": {
        "define-properties": "1.1.3",
        "es-abstract": "1.12.0"
      }
    },
    "path-is-absolute": {
      "version": "1.0.1",
      "resolved": "https://registry.npmjs.org/path-is-absolute/-/path-is-absolute-1.0.1.tgz",
      "integrity": "sha1-F0uSaHNVNP+8es5r9TpanhtcX18="
    },
    "safer-buffer": {
      "version": "2.1.2",
      "resolved": "https://registry.npmjs.org/safer-buffer/-/safer-buffer-2.1.2.tgz",
      "integrity": "sha512-YZo3K82SD7Riyi0E1EQPojLz7kpepnSQI9IyPbHHg1XXXevb5dJI7tpyN2ADxGcQbHG7vcyRHk0cbwqcQriUtg=="
    },
    "sax": {
      "version": "1.2.4",
      "resolved": "https://registry.npmjs.org/sax/-/sax-1.2.4.tgz",
      "integrity": "sha512-NqVDv9TpANUjFm0N8uM5GxL36UgKi9/atZw+x7YFnQ8ckwFGKrl4xX4yWtrey3UJm5nP1kUbnYgLopqWNSRhWw=="
    },
    "semver": {
      "version": "5.5.1",
      "resolved": "https://registry.npmjs.org/semver/-/semver-5.5.1.tgz",
      "integrity": "sha512-PqpAxfrEhlSUWge8dwIp4tZnQ25DIOthpiaHNIthsjEFQD6EvqUKUDM7L8O2rShkFccYo1VjJR0coWfNkCubRw=="
    },
    "source-map": {
      "version": "0.6.1",
      "resolved": "https://registry.npmjs.org/source-map/-/source-map-0.6.1.tgz",
      "integrity": "sha512-UjgapumWlbMhkBgzT7Ykc5YXUT46F0iKu8SGXq0bcwP5dz/h0Plj6enJqjz1Zbq2l5WaqYnrVbwWOWMyF3F47g=="
    },
    "source-map-support": {
      "version": "0.5.9",
      "resolved": "https://registry.npmjs.org/source-map-support/-/source-map-support-0.5.9.tgz",
      "integrity": "sha512-gR6Rw4MvUlYy83vP0vxoVNzM6t8MUXqNuRsuBmBHQDu1Fh6X015FrLdgoDKcNdkwGubozq0P4N0Q37UyFVr1EA==",
      "requires": {
        "buffer-from": "1.1.1",
        "source-map": "0.6.1"
      }
    },
    "sprintf-js": {
      "version": "1.0.3",
      "resolved": "https://registry.npmjs.org/sprintf-js/-/sprintf-js-1.0.3.tgz",
      "integrity": "sha1-BOaSb2YolTVPPdAVIDYzuFcpfiw="
    },
    "stack-trace": {
      "version": "0.0.10",
      "resolved": "https://registry.npmjs.org/stack-trace/-/stack-trace-0.0.10.tgz",
      "integrity": "sha1-VHxws0fo0ytOEI6hoqFZ5f3eGcA="
    },
    "universalify": {
      "version": "0.1.2",
      "resolved": "https://registry.npmjs.org/universalify/-/universalify-0.1.2.tgz",
      "integrity": "sha512-rBJeI5CXAlmy1pV+617WB9J63U6XcazHHF2f2dbJix4XzpUF0RS3Zbj0FGIOCAva5P/d/GBOYaACQ1w+0azUkg=="
    },
    "untildify": {
      "version": "3.0.3",
      "resolved": "https://registry.npmjs.org/untildify/-/untildify-3.0.3.tgz",
      "integrity": "sha512-iSk/J8efr8uPT/Z4eSUywnqyrQU7DSdMfdqK4iWEaUVVmcP5JcnpRqmVMwcwcnmI1ATFNgC5V90u09tBynNFKA=="
    },
    "util.promisify": {
      "version": "1.0.0",
      "resolved": "https://registry.npmjs.org/util.promisify/-/util.promisify-1.0.0.tgz",
      "integrity": "sha512-i+6qA2MPhvoKLuxnJNpXAGhg7HphQOSUq2LKMZD0m15EiskXUkMvKdF4Uui0WYeCUGea+o2cw/ZuwehtfsrNkA==",
      "requires": {
        "define-properties": "1.1.3",
        "object.getownpropertydescriptors": "2.0.3"
      }
    },
    "winreg": {
      "version": "1.2.4",
      "resolved": "https://registry.npmjs.org/winreg/-/winreg-1.2.4.tgz",
      "integrity": "sha1-ugZWKbepJRMOFXeRCM9UCZDpjRs="
    }
  }
}
